schema: '2.0'
stages:
  data_ingestion:
    cmd: python -m src.components.data_ingestion
    deps:
    - path: src/components/data_ingestion.py
      hash: md5
      md5: 020e3fb3e7d4362fb8d1716e6ac53263
      size: 2422
    outs:
    - path: data/raw_data
      hash: md5
      md5: 6c3610dbbdb88b23acd2583fb47f69fc.dir
      size: 388766
      nfiles: 2
  data_pre:
    cmd: python -m src.components.data_preprocessing
    deps:
    - path: src/components/data_ingestion.py
      hash: md5
      md5: 020e3fb3e7d4362fb8d1716e6ac53263
      size: 2422
    - path: src/components/data_preprocessing.py
      hash: md5
      md5: b7a82f158daa5ff696a6d4b48b30d6f3
      size: 3765
    outs:
    - path: data/post_pro
      hash: md5
      md5: a50aee222094ef7569182e529c57f504.dir
      size: 579575
      nfiles: 2
  model_creation:
    cmd: python -m src.Model_creation.model_creation
    deps:
    - path: src/Model_creation/model_creation.py
      hash: md5
      md5: 3576873c783d085fdaf664d12d4546fc
      size: 2524
    - path: src/components/data_preprocessing.py
      hash: md5
      md5: b7a82f158daa5ff696a6d4b48b30d6f3
      size: 3765
    outs:
    - path: models
      hash: md5
      md5: 6356ce93ac411dccc1bafb4b4648fe92.dir
      size: 389460
      nfiles: 3
