schema: '2.0'
stages:
  data_ingestion:
    cmd: python -m src.components.data_ingestion
    deps:
    - path: src/components/data_ingestion.py
      hash: md5
      md5: f0ac1b6b1af07a74849d1264e544643e
      size: 2422
    outs:
    - path: data/raw_data
      hash: md5
      md5: dcbdd04bb3142294642ebc741f5d7f65.dir
      size: 388766
      nfiles: 2
  data_pre:
    cmd: python -m src.components.data_preprocessing
    deps:
    - path: src/components/data_ingestion.py
      hash: md5
      md5: f0ac1b6b1af07a74849d1264e544643e
      size: 2422
    - path: src/components/data_preprocessing.py
      hash: md5
      md5: 90b6a6051ca18e1a953a75052afc6dc3
      size: 3223
    outs:
    - path: data/post_pro
      hash: md5
      md5: f172153d38d1b88b6d9876fce1187b2e.dir
      size: 434966
      nfiles: 1
